
Microsoft Visual Studio Solution File, Format Version 12.00
# Visual Studio Version 16
VisualStudioVersion = 16.0.28803.452
MinimumVisualStudioVersion = 10.0.40219.1
Project("{FAE04EC0-301F-11D3-BF4B-00C04F79EFBC}") = "SumOfElementInArrays", "SumOfElementInArrays\SumOfElementInArrays.csproj", "{9311F023-906C-40C4-AAD2-6648C5B31A36}"
EndProject
Global
	GlobalSection(SolutionConfigurationPlatforms) = preSolution
		Debug|Any CPU = Debug|Any CPU
		Release|Any CPU = Release|Any CPU
	EndGlobalSection
	GlobalSection(ProjectConfigurationPlatforms) = postSolution
		{9311F023-906C-40C4-AAD2-6648C5B31A36}.Debug|Any CPU.ActiveCfg = Debug|Any CPU
		{9311F023-906C-40C4-AAD2-6648C5B31A36}.Debug|Any CPU.Build.0 = Debug|Any CPU
		{9311F023-906C-40C4-AAD2-6648C5B31A36}.Release|Any CPU.ActiveCfg = Release|Any CPU
		{9311F023-906C-40C4-AAD2-6648C5B31A36}.Release|Any CPU.Build.0 = Release|Any CPU
	EndGlobalSection
	GlobalSection(SolutionProperties) = preSolution
		HideSolutionNode = FALSE
	EndGlobalSection
	GlobalSection(ExtensibilityGlobals) = postSolution
		SolutionGuid = {E16B099C-D49F-4F96-AA73-7AA39BF14D11}
	EndGlobalSection
EndGlobal
