
Microsoft Visual Studio Solution File, Format Version 12.00
# Visual Studio Version 16
VisualStudioVersion = 16.0.28803.452
MinimumVisualStudioVersion = 10.0.40219.1
Project("{FAE04EC0-301F-11D3-BF4B-00C04F79EFBC}") = "FindHowManyDigitsInNum", "FindHowManyDigitsInNum\FindHowManyDigitsInNum.csproj", "{327B8BDB-274A-4773-9D43-E6B9891E22F6}"
EndProject
Global
	GlobalSection(SolutionConfigurationPlatforms) = preSolution
		Debug|Any CPU = Debug|Any CPU
		Release|Any CPU = Release|Any CPU
	EndGlobalSection
	GlobalSection(ProjectConfigurationPlatforms) = postSolution
		{327B8BDB-274A-4773-9D43-E6B9891E22F6}.Debug|Any CPU.ActiveCfg = Debug|Any CPU
		{327B8BDB-274A-4773-9D43-E6B9891E22F6}.Debug|Any CPU.Build.0 = Debug|Any CPU
		{327B8BDB-274A-4773-9D43-E6B9891E22F6}.Release|Any CPU.ActiveCfg = Release|Any CPU
		{327B8BDB-274A-4773-9D43-E6B9891E22F6}.Release|Any CPU.Build.0 = Release|Any CPU
	EndGlobalSection
	GlobalSection(SolutionProperties) = preSolution
		HideSolutionNode = FALSE
	EndGlobalSection
	GlobalSection(ExtensibilityGlobals) = postSolution
		SolutionGuid = {8194DE0E-401A-4191-AADB-BD07D492AFAE}
	EndGlobalSection
EndGlobal
